
Microsoft Visual Studio Solution File, Format Version 12.00
# Visual Studio Version 17
VisualStudioVersion = 17.10.35013.160
MinimumVisualStudioVersion = 10.0.40219.1
Project("{9A19103F-16F7-4668-BE54-9A1E7A4F7556}") = "MudBlazor.Client", "MudBlazor.Client.csproj", "{F8A848D7-7944-4C7B-85AB-69E991FA3BF9}"
EndProject
Global
	GlobalSection(SolutionConfigurationPlatforms) = preSolution
		Debug|Any CPU = Debug|Any CPU
		Release|Any CPU = Release|Any CPU
	EndGlobalSection
	GlobalSection(ProjectConfigurationPlatforms) = postSolution
		{F8A848D7-7944-4C7B-85AB-69E991FA3BF9}.Debug|Any CPU.ActiveCfg = Debug|Any CPU
		{F8A848D7-7944-4C7B-85AB-69E991FA3BF9}.Debug|Any CPU.Build.0 = Debug|Any CPU
		{F8A848D7-7944-4C7B-85AB-69E991FA3BF9}.Release|Any CPU.ActiveCfg = Release|Any CPU
		{F8A848D7-7944-4C7B-85AB-69E991FA3BF9}.Release|Any CPU.Build.0 = Release|Any CPU
	EndGlobalSection
	GlobalSection(SolutionProperties) = preSolution
		HideSolutionNode = FALSE
	EndGlobalSection
	GlobalSection(ExtensibilityGlobals) = postSolution
		SolutionGuid = {C5092967-9E67-4B44-B4BF-6B53650D39BE}
	EndGlobalSection
EndGlobal
